
Microsoft Visual Studio Solution File, Format Version 12.00
# Visual Studio 14
VisualStudioVersion = 14.0.25420.1
MinimumVisualStudioVersion = 10.0.40219.1
Project("{8BC9CEB8-8B4A-11D0-8D11-00A0C91BC942}") = "3DGameParser", "3DGameParser\3DGameParser.vcxproj", "{D9DC948A-DAE6-41E9-9298-D3B1B3516FB7}"
EndProject
Project("{8BC9CEB8-8B4A-11D0-8D11-00A0C91BC942}") = "EmptyGame", "EmptyGame\EmptyGame.vcxproj", "{91D03F60-1A71-4237-9E64-88E2DF20C6F2}"
EndProject
Project("{8BC9CEB8-8B4A-11D0-8D11-00A0C91BC942}") = "Gprint", "Gprint\Gprint.vcxproj", "{EF566505-6149-435E-AB3E-961F2EAC2B64}"
EndProject
Project("{8BC9CEB8-8B4A-11D0-8D11-00A0C91BC942}") = "Animation", "..\..\Program Files\Autodesk\FBX\FBX SDK\2018.1.1\samples\Animation\Animation_net2015.vcxproj", "{107898EB-AE24-44FA-AC4F-05603E70B334}"
EndProject
Project("{8BC9CEB8-8B4A-11D0-8D11-00A0C91BC942}") = "Audio", "..\..\Program Files\Autodesk\FBX\FBX SDK\2018.1.1\samples\Audio\Audio_net2015.vcxproj", "{22C440CB-6B37-43D6-B4EE-092454798467}"
EndProject
Project("{8BC9CEB8-8B4A-11D0-8D11-00A0C91BC942}") = "Camera", "..\..\Program Files\Autodesk\FBX\FBX SDK\2018.1.1\samples\Camera\Camera_net2015.vcxproj", "{1AA23CFA-59CE-4EC4-9C0E-B522C5863AA1}"
EndProject
Project("{8BC9CEB8-8B4A-11D0-8D11-00A0C91BC942}") = "ConvertScene", "..\..\Program Files\Autodesk\FBX\FBX SDK\2018.1.1\samples\ConvertScene\ConvertScene_net2015.vcxproj", "{A7047FB8-F651-4E4D-8164-EB60A64FB074}"
EndProject
Project("{8BC9CEB8-8B4A-11D0-8D11-00A0C91BC942}") = "ExportDocument", "..\..\Program Files\Autodesk\FBX\FBX SDK\2018.1.1\samples\ExportDocument\ExportDocument_net2015.vcxproj", "{A7903894-EC97-4FC6-8A09-09AD686F2CD1}"
EndProject
Project("{8BC9CEB8-8B4A-11D0-8D11-00A0C91BC942}") = "ExportScene02", "..\..\Program Files\Autodesk\FBX\FBX SDK\2018.1.1\samples\ExportScene02\ExportScene02_net2015.vcxproj", "{335FAFAD-F2C6-4B8E-8E36-548E5186CFC2}"
EndProject
Project("{8BC9CEB8-8B4A-11D0-8D11-00A0C91BC942}") = "ExportScene03", "..\..\Program Files\Autodesk\FBX\FBX SDK\2018.1.1\samples\ExportScene03\ExportScene03_net2015.vcxproj", "{C81742C2-8F3A-467E-8C07-73E4C53AC987}"
EndProject
Project("{8BC9CEB8-8B4A-11D0-8D11-00A0C91BC942}") = "ExportScene04", "..\..\Program Files\Autodesk\FBX\FBX SDK\2018.1.1\samples\ExportScene04\ExportScene04_net2015.vcxproj", "{803A8DFA-CD2C-4684-8EDF-D5F97AFF3F9A}"
EndProject
Project("{8BC9CEB8-8B4A-11D0-8D11-00A0C91BC942}") = "CubeCreator", "..\..\Program Files\Autodesk\FBX\FBX SDK\2018.1.1\samples\UI Examples\CubeCreator\CubeCreator_net2015.vcxproj", "{15DA444E-A9B3-4B40-9C07-BD25DEF0BEE2}"
EndProject
Project("{8BC9CEB8-8B4A-11D0-8D11-00A0C91BC942}") = "ProceduralTexture", "..\..\Program Files\Autodesk\FBX\FBX SDK\2018.1.1\samples\ProceduralTexture\ProceduralTexture_net2015.vcxproj", "{2A94CE31-E1A3-4386-9D4D-E89725CD6433}"
EndProject
Project("{8BC9CEB8-8B4A-11D0-8D11-00A0C91BC942}") = "ViewScene", "..\..\Program Files\Autodesk\FBX\FBX SDK\2018.1.1\samples\ViewScene\ViewScene_net2015.vcxproj", "{919DE546-55FF-45C9-8600-A89FF2DEE84B}"
EndProject
Project("{8BC9CEB8-8B4A-11D0-8D11-00A0C91BC942}") = "ExportScene05", "..\..\Program Files\Autodesk\FBX\FBX SDK\2018.1.1\samples\ExportScene05\ExportScene05_net2015.vcxproj", "{0EA352FD-8F71-409D-A951-2E6D17E36A25}"
EndProject
Project("{8BC9CEB8-8B4A-11D0-8D11-00A0C91BC942}") = "ExportShader", "..\..\Program Files\Autodesk\FBX\FBX SDK\2018.1.1\samples\ExportShader\ExportShader_net2015.vcxproj", "{2B0C4D21-8585-4887-B8DD-8B9FB6BA5F64}"
EndProject
Project("{8BC9CEB8-8B4A-11D0-8D11-00A0C91BC942}") = "FileStream", "..\..\Program Files\Autodesk\FBX\FBX SDK\2018.1.1\samples\FileStream\FileStream_net2015.vcxproj", "{8AB2603D-9EAF-44DA-ABA4-4A1DD7B7502E}"
EndProject
Project("{8BC9CEB8-8B4A-11D0-8D11-00A0C91BC942}") = "ImportScene", "..\..\Program Files\Autodesk\FBX\FBX SDK\2018.1.1\samples\ImportScene\ImportScene_net2015.vcxproj", "{2C73D730-22B5-4B3B-8ED1-47AB59ED03DA}"
EndProject
Project("{8BC9CEB8-8B4A-11D0-8D11-00A0C91BC942}") = "Instances", "..\..\Program Files\Autodesk\FBX\FBX SDK\2018.1.1\samples\Instances\Instance_net2015.vcxproj", "{01256FF0-AE8F-402E-A00F-C6D7DB05F93F}"
EndProject
Project("{8BC9CEB8-8B4A-11D0-8D11-00A0C91BC942}") = "Layers", "..\..\Program Files\Autodesk\FBX\FBX SDK\2018.1.1\samples\Layers\Layers_net2015.vcxproj", "{8EF0362B-EAD7-4EBA-A073-C355272A4567}"
EndProject
Project("{8BC9CEB8-8B4A-11D0-8D11-00A0C91BC942}") = "Normals", "..\..\Program Files\Autodesk\FBX\FBX SDK\2018.1.1\samples\Normals\Normals_net2015.vcxproj", "{083E9CF4-07BF-45C7-8A0E-7369E0DF2731}"
EndProject
Project("{8BC9CEB8-8B4A-11D0-8D11-00A0C91BC942}") = "Pivot", "..\..\Program Files\Autodesk\FBX\FBX SDK\2018.1.1\samples\Pivot\Pivot_net2015.vcxproj", "{1003B2FC-77B6-410D-B816-D7A19A1C7F3E}"
EndProject
Project("{8BC9CEB8-8B4A-11D0-8D11-00A0C91BC942}") = "StereoCamera", "..\..\Program Files\Autodesk\FBX\FBX SDK\2018.1.1\samples\StereoCamera\StereoCamera_net2015.vcxproj", "{A1C6761E-AD1B-4003-8A67-17D82877DDE9}"
EndProject
Project("{8BC9CEB8-8B4A-11D0-8D11-00A0C91BC942}") = "SwitchBinding", "..\..\Program Files\Autodesk\FBX\FBX SDK\2018.1.1\samples\SwitchBinding\SwitchBinding_net2015.vcxproj", "{3C86B358-0593-41A8-A339-AA15D72977C9}"
EndProject
Project("{8BC9CEB8-8B4A-11D0-8D11-00A0C91BC942}") = "Transformations", "..\..\Program Files\Autodesk\FBX\FBX SDK\2018.1.1\samples\Transformations\Transformations_net2015.vcxproj", "{3DA5EFC2-5358-46E6-A6B2-CBB8D24EEFC0}"
EndProject
Project("{8BC9CEB8-8B4A-11D0-8D11-00A0C91BC942}") = "ImportExport", "..\..\Program Files\Autodesk\FBX\FBX SDK\2018.1.1\samples\UI Examples\ImportExport\ImportExport_net2015.vcxproj", "{954E1C5E-F767-4A6D-A0AA-77FE99EEC1AD}"
EndProject
Project("{8BC9CEB8-8B4A-11D0-8D11-00A0C91BC942}") = "SceneTreeView", "..\..\Program Files\Autodesk\FBX\FBX SDK\2018.1.1\samples\UI Examples\SceneTreeView\SceneTreeView_net2015.vcxproj", "{9F9178CA-B959-45B4-BD8C-652294AEE314}"
EndProject
Project("{8BC9CEB8-8B4A-11D0-8D11-00A0C91BC942}") = "UserProperties", "..\..\Program Files\Autodesk\FBX\FBX SDK\2018.1.1\samples\UserProperties\userproperties_net2015.vcxproj", "{D1D6C773-65CC-4FF8-82C4-3822C85DEEF7}"
EndProject
Project("{8BC9CEB8-8B4A-11D0-8D11-00A0C91BC942}") = "UVSample", "..\..\Program Files\Autodesk\FBX\FBX SDK\2018.1.1\samples\UVSample\UVSample_net2015.vcxproj", "{534014EF-8ADD-4BC7-BECB-9E89CB5139AF}"
EndProject
Project("{8BC9CEB8-8B4A-11D0-8D11-00A0C91BC942}") = "DXDemo", "DXDemo\DXDemo.vcxproj", "{609943F5-C6D3-4698-BB19-1D57720BC9F4}"
EndProject
Project("{8BC9CEB8-8B4A-11D0-8D11-00A0C91BC942}") = "ComFunction", "ComFunction\ComFunction.vcxproj", "{A5A3BAE1-E952-4A78-8E0E-1E29E3B14C1D}"
EndProject
Project("{FAE04EC0-301F-11D3-BF4B-00C04F79EFBC}") = "TaskBook", "easybook\TaskBook\TaskBook.csproj", "{B078185C-A1E3-4498-AB4F-8EE8101B13AE}"
EndProject
Project("{8BC9CEB8-8B4A-11D0-8D11-00A0C91BC942}") = "Bubble", "Bubble\Bubble.vcxproj", "{77C14B2B-CDA7-4BC7-AF68-6FE420B82840}"
EndProject
Project("{8BC9CEB8-8B4A-11D0-8D11-00A0C91BC942}") = "AfloatWindow", "VSAfloatWindow\AfloatWindow\AfloatWindow\AfloatWindow.vcxproj", "{ABCEBBFD-D619-4BFC-99CF-2DBF54E6F20E}"
EndProject
Project("{8BC9CEB8-8B4A-11D0-8D11-00A0C91BC942}") = "Panel", "Panel\Panel.vcxproj", "{F1D8D1B8-A274-46FC-9010-A53D410EBE07}"
EndProject
Project("{8BC9CEB8-8B4A-11D0-8D11-00A0C91BC942}") = "FindStringInFile", "FindStringInFile\FindStringInFile.vcxproj", "{11E5B40F-55FD-4C81-A8CF-C379623048F0}"
EndProject
Project("{8BC9CEB8-8B4A-11D0-8D11-00A0C91BC942}") = "dlg", "dlg\dlg\dlg.vcxproj", "{381D8349-8369-4D1B-8DAC-317C3456F254}"
EndProject
Project("{8BC9CEB8-8B4A-11D0-8D11-00A0C91BC942}") = "ExportScene01", "..\..\Program Files\Autodesk\FBX\FBX SDK\2018.1.1\samples\ExportScene01\ExportScene01_net2015.vcxproj", "{B1B0F007-787E-48F6-BB1E-E925F5294E04}"
EndProject
Global
	GlobalSection(SolutionConfigurationPlatforms) = preSolution
		Debug (DLL)|x64 = Debug (DLL)|x64
		Debug (DLL)|x86 = Debug (DLL)|x86
		Debug|x64 = Debug|x64
		Debug|x86 = Debug|x86
		Release (DLL)|x64 = Release (DLL)|x64
		Release (DLL)|x86 = Release (DLL)|x86
		Release|x64 = Release|x64
		Release|x86 = Release|x86
	EndGlobalSection
	GlobalSection(ProjectConfigurationPlatforms) = postSolution
		{D9DC948A-DAE6-41E9-9298-D3B1B3516FB7}.Debug (DLL)|x64.ActiveCfg = Debug|x64
		{D9DC948A-DAE6-41E9-9298-D3B1B3516FB7}.Debug (DLL)|x64.Build.0 = Debug|x64
		{D9DC948A-DAE6-41E9-9298-D3B1B3516FB7}.Debug (DLL)|x86.ActiveCfg = Debug|Win32
		{D9DC948A-DAE6-41E9-9298-D3B1B3516FB7}.Debug (DLL)|x86.Build.0 = Debug|Win32
		{D9DC948A-DAE6-41E9-9298-D3B1B3516FB7}.Debug|x64.ActiveCfg = Debug|x64
		{D9DC948A-DAE6-41E9-9298-D3B1B3516FB7}.Debug|x64.Build.0 = Debug|x64
		{D9DC948A-DAE6-41E9-9298-D3B1B3516FB7}.Debug|x86.ActiveCfg = Debug|Win32
		{D9DC948A-DAE6-41E9-9298-D3B1B3516FB7}.Debug|x86.Build.0 = Debug|Win32
		{D9DC948A-DAE6-41E9-9298-D3B1B3516FB7}.Release (DLL)|x64.ActiveCfg = Release|x64
		{D9DC948A-DAE6-41E9-9298-D3B1B3516FB7}.Release (DLL)|x64.Build.0 = Release|x64
		{D9DC948A-DAE6-41E9-9298-D3B1B3516FB7}.Release (DLL)|x86.ActiveCfg = Release|Win32
		{D9DC948A-DAE6-41E9-9298-D3B1B3516FB7}.Release (DLL)|x86.Build.0 = Release|Win32
		{D9DC948A-DAE6-41E9-9298-D3B1B3516FB7}.Release|x64.ActiveCfg = Release|x64
		{D9DC948A-DAE6-41E9-9298-D3B1B3516FB7}.Release|x64.Build.0 = Release|x64
		{D9DC948A-DAE6-41E9-9298-D3B1B3516FB7}.Release|x86.ActiveCfg = Release|Win32
		{D9DC948A-DAE6-41E9-9298-D3B1B3516FB7}.Release|x86.Build.0 = Release|Win32
		{91D03F60-1A71-4237-9E64-88E2DF20C6F2}.Debug (DLL)|x64.ActiveCfg = Debug|x64
		{91D03F60-1A71-4237-9E64-88E2DF20C6F2}.Debug (DLL)|x64.Build.0 = Debug|x64
		{91D03F60-1A71-4237-9E64-88E2DF20C6F2}.Debug (DLL)|x86.ActiveCfg = Debug|Win32
		{91D03F60-1A71-4237-9E64-88E2DF20C6F2}.Debug (DLL)|x86.Build.0 = Debug|Win32
		{91D03F60-1A71-4237-9E64-88E2DF20C6F2}.Debug|x64.ActiveCfg = Debug|x64
		{91D03F60-1A71-4237-9E64-88E2DF20C6F2}.Debug|x64.Build.0 = Debug|x64
		{91D03F60-1A71-4237-9E64-88E2DF20C6F2}.Debug|x86.ActiveCfg = Debug|Win32
		{91D03F60-1A71-4237-9E64-88E2DF20C6F2}.Debug|x86.Build.0 = Debug|Win32
		{91D03F60-1A71-4237-9E64-88E2DF20C6F2}.Release (DLL)|x64.ActiveCfg = Release|x64
		{91D03F60-1A71-4237-9E64-88E2DF20C6F2}.Release (DLL)|x64.Build.0 = Release|x64
		{91D03F60-1A71-4237-9E64-88E2DF20C6F2}.Release (DLL)|x86.ActiveCfg = Release|Win32
		{91D03F60-1A71-4237-9E64-88E2DF20C6F2}.Release (DLL)|x86.Build.0 = Release|Win32
		{91D03F60-1A71-4237-9E64-88E2DF20C6F2}.Release|x64.ActiveCfg = Release|x64
		{91D03F60-1A71-4237-9E64-88E2DF20C6F2}.Release|x64.Build.0 = Release|x64
		{91D03F60-1A71-4237-9E64-88E2DF20C6F2}.Release|x86.ActiveCfg = Release|Win32
		{91D03F60-1A71-4237-9E64-88E2DF20C6F2}.Release|x86.Build.0 = Release|Win32
		{EF566505-6149-435E-AB3E-961F2EAC2B64}.Debug (DLL)|x64.ActiveCfg = Debug|x64
		{EF566505-6149-435E-AB3E-961F2EAC2B64}.Debug (DLL)|x64.Build.0 = Debug|x64
		{EF566505-6149-435E-AB3E-961F2EAC2B64}.Debug (DLL)|x86.ActiveCfg = Debug|Win32
		{EF566505-6149-435E-AB3E-961F2EAC2B64}.Debug (DLL)|x86.Build.0 = Debug|Win32
		{EF566505-6149-435E-AB3E-961F2EAC2B64}.Debug|x64.ActiveCfg = Debug|x64
		{EF566505-6149-435E-AB3E-961F2EAC2B64}.Debug|x64.Build.0 = Debug|x64
		{EF566505-6149-435E-AB3E-961F2EAC2B64}.Debug|x86.ActiveCfg = Debug|Win32
		{EF566505-6149-435E-AB3E-961F2EAC2B64}.Debug|x86.Build.0 = Debug|Win32
		{EF566505-6149-435E-AB3E-961F2EAC2B64}.Release (DLL)|x64.ActiveCfg = Release|x64
		{EF566505-6149-435E-AB3E-961F2EAC2B64}.Release (DLL)|x64.Build.0 = Release|x64
		{EF566505-6149-435E-AB3E-961F2EAC2B64}.Release (DLL)|x86.ActiveCfg = Release|Win32
		{EF566505-6149-435E-AB3E-961F2EAC2B64}.Release (DLL)|x86.Build.0 = Release|Win32
		{EF566505-6149-435E-AB3E-961F2EAC2B64}.Release|x64.ActiveCfg = Release|x64
		{EF566505-6149-435E-AB3E-961F2EAC2B64}.Release|x64.Build.0 = Release|x64
		{EF566505-6149-435E-AB3E-961F2EAC2B64}.Release|x86.ActiveCfg = Release|Win32
		{EF566505-6149-435E-AB3E-961F2EAC2B64}.Release|x86.Build.0 = Release|Win32
		{107898EB-AE24-44FA-AC4F-05603E70B334}.Debug (DLL)|x64.ActiveCfg = Debug (DLL)|x64
		{107898EB-AE24-44FA-AC4F-05603E70B334}.Debug (DLL)|x64.Build.0 = Debug (DLL)|x64
		{107898EB-AE24-44FA-AC4F-05603E70B334}.Debug (DLL)|x86.ActiveCfg = Debug (DLL)|Win32
		{107898EB-AE24-44FA-AC4F-05603E70B334}.Debug (DLL)|x86.Build.0 = Debug (DLL)|Win32
		{107898EB-AE24-44FA-AC4F-05603E70B334}.Debug|x64.ActiveCfg = Debug|x64
		{107898EB-AE24-44FA-AC4F-05603E70B334}.Debug|x64.Build.0 = Debug|x64
		{107898EB-AE24-44FA-AC4F-05603E70B334}.Debug|x86.ActiveCfg = Debug|Win32
		{107898EB-AE24-44FA-AC4F-05603E70B334}.Debug|x86.Build.0 = Debug|Win32
		{107898EB-AE24-44FA-AC4F-05603E70B334}.Release (DLL)|x64.ActiveCfg = Release (DLL)|x64
		{107898EB-AE24-44FA-AC4F-05603E70B334}.Release (DLL)|x64.Build.0 = Release (DLL)|x64
		{107898EB-AE24-44FA-AC4F-05603E70B334}.Release (DLL)|x86.ActiveCfg = Release (DLL)|Win32
		{107898EB-AE24-44FA-AC4F-05603E70B334}.Release (DLL)|x86.Build.0 = Release (DLL)|Win32
		{107898EB-AE24-44FA-AC4F-05603E70B334}.Release|x64.ActiveCfg = Release|x64
		{107898EB-AE24-44FA-AC4F-05603E70B334}.Release|x64.Build.0 = Release|x64
		{107898EB-AE24-44FA-AC4F-05603E70B334}.Release|x86.ActiveCfg = Release|Win32
		{107898EB-AE24-44FA-AC4F-05603E70B334}.Release|x86.Build.0 = Release|Win32
		{22C440CB-6B37-43D6-B4EE-092454798467}.Debug (DLL)|x64.ActiveCfg = Debug (DLL)|x64
		{22C440CB-6B37-43D6-B4EE-092454798467}.Debug (DLL)|x64.Build.0 = Debug (DLL)|x64
		{22C440CB-6B37-43D6-B4EE-092454798467}.Debug (DLL)|x86.ActiveCfg = Debug (DLL)|Win32
		{22C440CB-6B37-43D6-B4EE-092454798467}.Debug (DLL)|x86.Build.0 = Debug (DLL)|Win32
		{22C440CB-6B37-43D6-B4EE-092454798467}.Debug|x64.ActiveCfg = Debug|x64
		{22C440CB-6B37-43D6-B4EE-092454798467}.Debug|x64.Build.0 = Debug|x64
		{22C440CB-6B37-43D6-B4EE-092454798467}.Debug|x86.ActiveCfg = Debug|Win32
		{22C440CB-6B37-43D6-B4EE-092454798467}.Debug|x86.Build.0 = Debug|Win32
		{22C440CB-6B37-43D6-B4EE-092454798467}.Release (DLL)|x64.ActiveCfg = Release (DLL)|x64
		{22C440CB-6B37-43D6-B4EE-092454798467}.Release (DLL)|x64.Build.0 = Release (DLL)|x64
		{22C440CB-6B37-43D6-B4EE-092454798467}.Release (DLL)|x86.ActiveCfg = Release (DLL)|Win32
		{22C440CB-6B37-43D6-B4EE-092454798467}.Release (DLL)|x86.Build.0 = Release (DLL)|Win32
		{22C440CB-6B37-43D6-B4EE-092454798467}.Release|x64.ActiveCfg = Release|x64
		{22C440CB-6B37-43D6-B4EE-092454798467}.Release|x64.Build.0 = Release|x64
		{22C440CB-6B37-43D6-B4EE-092454798467}.Release|x86.ActiveCfg = Release|Win32
		{22C440CB-6B37-43D6-B4EE-092454798467}.Release|x86.Build.0 = Release|Win32
		{1AA23CFA-59CE-4EC4-9C0E-B522C5863AA1}.Debug (DLL)|x64.ActiveCfg = Debug (DLL)|x64
		{1AA23CFA-59CE-4EC4-9C0E-B522C5863AA1}.Debug (DLL)|x64.Build.0 = Debug (DLL)|x64
		{1AA23CFA-59CE-4EC4-9C0E-B522C5863AA1}.Debug (DLL)|x86.ActiveCfg = Debug (DLL)|Win32
		{1AA23CFA-59CE-4EC4-9C0E-B522C5863AA1}.Debug (DLL)|x86.Build.0 = Debug (DLL)|Win32
		{1AA23CFA-59CE-4EC4-9C0E-B522C5863AA1}.Debug|x64.ActiveCfg = Debug|x64
		{1AA23CFA-59CE-4EC4-9C0E-B522C5863AA1}.Debug|x64.Build.0 = Debug|x64
		{1AA23CFA-59CE-4EC4-9C0E-B522C5863AA1}.Debug|x86.ActiveCfg = Debug|Win32
		{1AA23CFA-59CE-4EC4-9C0E-B522C5863AA1}.Debug|x86.Build.0 = Debug|Win32
		{1AA23CFA-59CE-4EC4-9C0E-B522C5863AA1}.Release (DLL)|x64.ActiveCfg = Release (DLL)|x64
		{1AA23CFA-59CE-4EC4-9C0E-B522C5863AA1}.Release (DLL)|x64.Build.0 = Release (DLL)|x64
		{1AA23CFA-59CE-4EC4-9C0E-B522C5863AA1}.Release (DLL)|x86.ActiveCfg = Release (DLL)|Win32
		{1AA23CFA-59CE-4EC4-9C0E-B522C5863AA1}.Release (DLL)|x86.Build.0 = Release (DLL)|Win32
		{1AA23CFA-59CE-4EC4-9C0E-B522C5863AA1}.Release|x64.ActiveCfg = Release|x64
		{1AA23CFA-59CE-4EC4-9C0E-B522C5863AA1}.Release|x64.Build.0 = Release|x64
		{1AA23CFA-59CE-4EC4-9C0E-B522C5863AA1}.Release|x86.ActiveCfg = Release|Win32
		{1AA23CFA-59CE-4EC4-9C0E-B522C5863AA1}.Release|x86.Build.0 = Release|Win32
		{A7047FB8-F651-4E4D-8164-EB60A64FB074}.Debug (DLL)|x64.ActiveCfg = Debug (DLL)|x64
		{A7047FB8-F651-4E4D-8164-EB60A64FB074}.Debug (DLL)|x64.Build.0 = Debug (DLL)|x64
		{A7047FB8-F651-4E4D-8164-EB60A64FB074}.Debug (DLL)|x86.ActiveCfg = Debug (DLL)|Win32
		{A7047FB8-F651-4E4D-8164-EB60A64FB074}.Debug (DLL)|x86.Build.0 = Debug (DLL)|Win32
		{A7047FB8-F651-4E4D-8164-EB60A64FB074}.Debug|x64.ActiveCfg = Debug|x64
		{A7047FB8-F651-4E4D-8164-EB60A64FB074}.Debug|x64.Build.0 = Debug|x64
		{A7047FB8-F651-4E4D-8164-EB60A64FB074}.Debug|x86.ActiveCfg = Debug|Win32
		{A7047FB8-F651-4E4D-8164-EB60A64FB074}.Debug|x86.Build.0 = Debug|Win32
		{A7047FB8-F651-4E4D-8164-EB60A64FB074}.Release (DLL)|x64.ActiveCfg = Release (DLL)|x64
		{A7047FB8-F651-4E4D-8164-EB60A64FB074}.Release (DLL)|x64.Build.0 = Release (DLL)|x64
		{A7047FB8-F651-4E4D-8164-EB60A64FB074}.Release (DLL)|x86.ActiveCfg = Release (DLL)|Win32
		{A7047FB8-F651-4E4D-8164-EB60A64FB074}.Release (DLL)|x86.Build.0 = Release (DLL)|Win32
		{A7047FB8-F651-4E4D-8164-EB60A64FB074}.Release|x64.ActiveCfg = Release|x64
		{A7047FB8-F651-4E4D-8164-EB60A64FB074}.Release|x64.Build.0 = Release|x64
		{A7047FB8-F651-4E4D-8164-EB60A64FB074}.Release|x86.ActiveCfg = Release|Win32
		{A7047FB8-F651-4E4D-8164-EB60A64FB074}.Release|x86.Build.0 = Release|Win32
		{A7903894-EC97-4FC6-8A09-09AD686F2CD1}.Debug (DLL)|x64.ActiveCfg = Debug (DLL)|x64
		{A7903894-EC97-4FC6-8A09-09AD686F2CD1}.Debug (DLL)|x64.Build.0 = Debug (DLL)|x64
		{A7903894-EC97-4FC6-8A09-09AD686F2CD1}.Debug (DLL)|x86.ActiveCfg = Debug (DLL)|Win32
		{A7903894-EC97-4FC6-8A09-09AD686F2CD1}.Debug (DLL)|x86.Build.0 = Debug (DLL)|Win32
		{A7903894-EC97-4FC6-8A09-09AD686F2CD1}.Debug|x64.ActiveCfg = Debug|x64
		{A7903894-EC97-4FC6-8A09-09AD686F2CD1}.Debug|x64.Build.0 = Debug|x64
		{A7903894-EC97-4FC6-8A09-09AD686F2CD1}.Debug|x86.ActiveCfg = Debug|Win32
		{A7903894-EC97-4FC6-8A09-09AD686F2CD1}.Debug|x86.Build.0 = Debug|Win32
		{A7903894-EC97-4FC6-8A09-09AD686F2CD1}.Release (DLL)|x64.ActiveCfg = Release (DLL)|x64
		{A7903894-EC97-4FC6-8A09-09AD686F2CD1}.Release (DLL)|x64.Build.0 = Release (DLL)|x64
		{A7903894-EC97-4FC6-8A09-09AD686F2CD1}.Release (DLL)|x86.ActiveCfg = Release (DLL)|Win32
		{A7903894-EC97-4FC6-8A09-09AD686F2CD1}.Release (DLL)|x86.Build.0 = Release (DLL)|Win32
		{A7903894-EC97-4FC6-8A09-09AD686F2CD1}.Release|x64.ActiveCfg = Release|x64
		{A7903894-EC97-4FC6-8A09-09AD686F2CD1}.Release|x64.Build.0 = Release|x64
		{A7903894-EC97-4FC6-8A09-09AD686F2CD1}.Release|x86.ActiveCfg = Release|Win32
		{A7903894-EC97-4FC6-8A09-09AD686F2CD1}.Release|x86.Build.0 = Release|Win32
		{335FAFAD-F2C6-4B8E-8E36-548E5186CFC2}.Debug (DLL)|x64.ActiveCfg = Debug (DLL)|x64
		{335FAFAD-F2C6-4B8E-8E36-548E5186CFC2}.Debug (DLL)|x64.Build.0 = Debug (DLL)|x64
		{335FAFAD-F2C6-4B8E-8E36-548E5186CFC2}.Debug (DLL)|x86.ActiveCfg = Debug (DLL)|Win32
		{335FAFAD-F2C6-4B8E-8E36-548E5186CFC2}.Debug (DLL)|x86.Build.0 = Debug (DLL)|Win32
		{335FAFAD-F2C6-4B8E-8E36-548E5186CFC2}.Debug|x64.ActiveCfg = Debug|x64
		{335FAFAD-F2C6-4B8E-8E36-548E5186CFC2}.Debug|x64.Build.0 = Debug|x64
		{335FAFAD-F2C6-4B8E-8E36-548E5186CFC2}.Debug|x86.ActiveCfg = Debug|Win32
		{335FAFAD-F2C6-4B8E-8E36-548E5186CFC2}.Debug|x86.Build.0 = Debug|Win32
		{335FAFAD-F2C6-4B8E-8E36-548E5186CFC2}.Release (DLL)|x64.ActiveCfg = Release (DLL)|x64
		{335FAFAD-F2C6-4B8E-8E36-548E5186CFC2}.Release (DLL)|x64.Build.0 = Release (DLL)|x64
		{335FAFAD-F2C6-4B8E-8E36-548E5186CFC2}.Release (DLL)|x86.ActiveCfg = Release (DLL)|Win32
		{335FAFAD-F2C6-4B8E-8E36-548E5186CFC2}.Release (DLL)|x86.Build.0 = Release (DLL)|Win32
		{335FAFAD-F2C6-4B8E-8E36-548E5186CFC2}.Release|x64.ActiveCfg = Release|x64
		{335FAFAD-F2C6-4B8E-8E36-548E5186CFC2}.Release|x64.Build.0 = Release|x64
		{335FAFAD-F2C6-4B8E-8E36-548E5186CFC2}.Release|x86.ActiveCfg = Release|Win32
		{335FAFAD-F2C6-4B8E-8E36-548E5186CFC2}.Release|x86.Build.0 = Release|Win32
		{C81742C2-8F3A-467E-8C07-73E4C53AC987}.Debug (DLL)|x64.ActiveCfg = Debug (DLL)|x64
		{C81742C2-8F3A-467E-8C07-73E4C53AC987}.Debug (DLL)|x64.Build.0 = Debug (DLL)|x64
		{C81742C2-8F3A-467E-8C07-73E4C53AC987}.Debug (DLL)|x86.ActiveCfg = Debug (DLL)|Win32
		{C81742C2-8F3A-467E-8C07-73E4C53AC987}.Debug (DLL)|x86.Build.0 = Debug (DLL)|Win32
		{C81742C2-8F3A-467E-8C07-73E4C53AC987}.Debug|x64.ActiveCfg = Debug|x64
		{C81742C2-8F3A-467E-8C07-73E4C53AC987}.Debug|x64.Build.0 = Debug|x64
		{C81742C2-8F3A-467E-8C07-73E4C53AC987}.Debug|x86.ActiveCfg = Debug|Win32
		{C81742C2-8F3A-467E-8C07-73E4C53AC987}.Debug|x86.Build.0 = Debug|Win32
		{C81742C2-8F3A-467E-8C07-73E4C53AC987}.Release (DLL)|x64.ActiveCfg = Release (DLL)|x64
		{C81742C2-8F3A-467E-8C07-73E4C53AC987}.Release (DLL)|x64.Build.0 = Release (DLL)|x64
		{C81742C2-8F3A-467E-8C07-73E4C53AC987}.Release (DLL)|x86.ActiveCfg = Release (DLL)|Win32
		{C81742C2-8F3A-467E-8C07-73E4C53AC987}.Release (DLL)|x86.Build.0 = Release (DLL)|Win32
		{C81742C2-8F3A-467E-8C07-73E4C53AC987}.Release|x64.ActiveCfg = Release|x64
		{C81742C2-8F3A-467E-8C07-73E4C53AC987}.Release|x64.Build.0 = Release|x64
		{C81742C2-8F3A-467E-8C07-73E4C53AC987}.Release|x86.ActiveCfg = Release|Win32
		{C81742C2-8F3A-467E-8C07-73E4C53AC987}.Release|x86.Build.0 = Release|Win32
		{803A8DFA-CD2C-4684-8EDF-D5F97AFF3F9A}.Debug (DLL)|x64.ActiveCfg = Debug (DLL)|x64
		{803A8DFA-CD2C-4684-8EDF-D5F97AFF3F9A}.Debug (DLL)|x64.Build.0 = Debug (DLL)|x64
		{803A8DFA-CD2C-4684-8EDF-D5F97AFF3F9A}.Debug (DLL)|x86.ActiveCfg = Debug (DLL)|Win32
		{803A8DFA-CD2C-4684-8EDF-D5F97AFF3F9A}.Debug (DLL)|x86.Build.0 = Debug (DLL)|Win32
		{803A8DFA-CD2C-4684-8EDF-D5F97AFF3F9A}.Debug|x64.ActiveCfg = Debug|x64
		{803A8DFA-CD2C-4684-8EDF-D5F97AFF3F9A}.Debug|x64.Build.0 = Debug|x64
		{803A8DFA-CD2C-4684-8EDF-D5F97AFF3F9A}.Debug|x86.ActiveCfg = Debug|Win32
		{803A8DFA-CD2C-4684-8EDF-D5F97AFF3F9A}.Debug|x86.Build.0 = Debug|Win32
		{803A8DFA-CD2C-4684-8EDF-D5F97AFF3F9A}.Release (DLL)|x64.ActiveCfg = Release (DLL)|x64
		{803A8DFA-CD2C-4684-8EDF-D5F97AFF3F9A}.Release (DLL)|x64.Build.0 = Release (DLL)|x64
		{803A8DFA-CD2C-4684-8EDF-D5F97AFF3F9A}.Release (DLL)|x86.ActiveCfg = Release (DLL)|Win32
		{803A8DFA-CD2C-4684-8EDF-D5F97AFF3F9A}.Release (DLL)|x86.Build.0 = Release (DLL)|Win32
		{803A8DFA-CD2C-4684-8EDF-D5F97AFF3F9A}.Release|x64.ActiveCfg = Release|x64
		{803A8DFA-CD2C-4684-8EDF-D5F97AFF3F9A}.Release|x64.Build.0 = Release|x64
		{803A8DFA-CD2C-4684-8EDF-D5F97AFF3F9A}.Release|x86.ActiveCfg = Release|Win32
		{803A8DFA-CD2C-4684-8EDF-D5F97AFF3F9A}.Release|x86.Build.0 = Release|Win32
		{15DA444E-A9B3-4B40-9C07-BD25DEF0BEE2}.Debug (DLL)|x64.ActiveCfg = Debug (DLL)|x64
		{15DA444E-A9B3-4B40-9C07-BD25DEF0BEE2}.Debug (DLL)|x64.Build.0 = Debug (DLL)|x64
		{15DA444E-A9B3-4B40-9C07-BD25DEF0BEE2}.Debug (DLL)|x86.ActiveCfg = Debug (DLL)|Win32
		{15DA444E-A9B3-4B40-9C07-BD25DEF0BEE2}.Debug (DLL)|x86.Build.0 = Debug (DLL)|Win32
		{15DA444E-A9B3-4B40-9C07-BD25DEF0BEE2}.Debug|x64.ActiveCfg = Debug|x64
		{15DA444E-A9B3-4B40-9C07-BD25DEF0BEE2}.Debug|x64.Build.0 = Debug|x64
		{15DA444E-A9B3-4B40-9C07-BD25DEF0BEE2}.Debug|x86.ActiveCfg = Debug|Win32
		{15DA444E-A9B3-4B40-9C07-BD25DEF0BEE2}.Debug|x86.Build.0 = Debug|Win32
		{15DA444E-A9B3-4B40-9C07-BD25DEF0BEE2}.Release (DLL)|x64.ActiveCfg = Release (DLL)|x64
		{15DA444E-A9B3-4B40-9C07-BD25DEF0BEE2}.Release (DLL)|x64.Build.0 = Release (DLL)|x64
		{15DA444E-A9B3-4B40-9C07-BD25DEF0BEE2}.Release (DLL)|x86.ActiveCfg = Release (DLL)|Win32
		{15DA444E-A9B3-4B40-9C07-BD25DEF0BEE2}.Release (DLL)|x86.Build.0 = Release (DLL)|Win32
		{15DA444E-A9B3-4B40-9C07-BD25DEF0BEE2}.Release|x64.ActiveCfg = Release|x64
		{15DA444E-A9B3-4B40-9C07-BD25DEF0BEE2}.Release|x64.Build.0 = Release|x64
		{15DA444E-A9B3-4B40-9C07-BD25DEF0BEE2}.Release|x86.ActiveCfg = Release|Win32
		{15DA444E-A9B3-4B40-9C07-BD25DEF0BEE2}.Release|x86.Build.0 = Release|Win32
		{2A94CE31-E1A3-4386-9D4D-E89725CD6433}.Debug (DLL)|x64.ActiveCfg = Debug (DLL)|x64
		{2A94CE31-E1A3-4386-9D4D-E89725CD6433}.Debug (DLL)|x64.Build.0 = Debug (DLL)|x64
		{2A94CE31-E1A3-4386-9D4D-E89725CD6433}.Debug (DLL)|x86.ActiveCfg = Debug (DLL)|Win32
		{2A94CE31-E1A3-4386-9D4D-E89725CD6433}.Debug (DLL)|x86.Build.0 = Debug (DLL)|Win32
		{2A94CE31-E1A3-4386-9D4D-E89725CD6433}.Debug|x64.ActiveCfg = Debug|x64
		{2A94CE31-E1A3-4386-9D4D-E89725CD6433}.Debug|x64.Build.0 = Debug|x64
		{2A94CE31-E1A3-4386-9D4D-E89725CD6433}.Debug|x86.ActiveCfg = Debug|Win32
		{2A94CE31-E1A3-4386-9D4D-E89725CD6433}.Debug|x86.Build.0 = Debug|Win32
		{2A94CE31-E1A3-4386-9D4D-E89725CD6433}.Release (DLL)|x64.ActiveCfg = Release (DLL)|x64
		{2A94CE31-E1A3-4386-9D4D-E89725CD6433}.Release (DLL)|x64.Build.0 = Release (DLL)|x64
		{2A94CE31-E1A3-4386-9D4D-E89725CD6433}.Release (DLL)|x86.ActiveCfg = Release (DLL)|Win32
		{2A94CE31-E1A3-4386-9D4D-E89725CD6433}.Release (DLL)|x86.Build.0 = Release (DLL)|Win32
		{2A94CE31-E1A3-4386-9D4D-E89725CD6433}.Release|x64.ActiveCfg = Release|x64
		{2A94CE31-E1A3-4386-9D4D-E89725CD6433}.Release|x64.Build.0 = Release|x64
		{2A94CE31-E1A3-4386-9D4D-E89725CD6433}.Release|x86.ActiveCfg = Release|Win32
		{2A94CE31-E1A3-4386-9D4D-E89725CD6433}.Release|x86.Build.0 = Release|Win32
		{919DE546-55FF-45C9-8600-A89FF2DEE84B}.Debug (DLL)|x64.ActiveCfg = Debug (DLL)|x64
		{919DE546-55FF-45C9-8600-A89FF2DEE84B}.Debug (DLL)|x64.Build.0 = Debug (DLL)|x64
		{919DE546-55FF-45C9-8600-A89FF2DEE84B}.Debug (DLL)|x86.ActiveCfg = Debug (DLL)|Win32
		{919DE546-55FF-45C9-8600-A89FF2DEE84B}.Debug (DLL)|x86.Build.0 = Debug (DLL)|Win32
		{919DE546-55FF-45C9-8600-A89FF2DEE84B}.Debug|x64.ActiveCfg = Debug|x64
		{919DE546-55FF-45C9-8600-A89FF2DEE84B}.Debug|x64.Build.0 = Debug|x64
		{919DE546-55FF-45C9-8600-A89FF2DEE84B}.Debug|x86.ActiveCfg = Debug|Win32
		{919DE546-55FF-45C9-8600-A89FF2DEE84B}.Debug|x86.Build.0 = Debug|Win32
		{919DE546-55FF-45C9-8600-A89FF2DEE84B}.Release (DLL)|x64.ActiveCfg = Release (DLL)|x64
		{919DE546-55FF-45C9-8600-A89FF2DEE84B}.Release (DLL)|x64.Build.0 = Release (DLL)|x64
		{919DE546-55FF-45C9-8600-A89FF2DEE84B}.Release (DLL)|x86.ActiveCfg = Release (DLL)|Win32
		{919DE546-55FF-45C9-8600-A89FF2DEE84B}.Release (DLL)|x86.Build.0 = Release (DLL)|Win32
		{919DE546-55FF-45C9-8600-A89FF2DEE84B}.Release|x64.ActiveCfg = Release|x64
		{919DE546-55FF-45C9-8600-A89FF2DEE84B}.Release|x64.Build.0 = Release|x64
		{919DE546-55FF-45C9-8600-A89FF2DEE84B}.Release|x86.ActiveCfg = Release|Win32
		{919DE546-55FF-45C9-8600-A89FF2DEE84B}.Release|x86.Build.0 = Release|Win32
		{0EA352FD-8F71-409D-A951-2E6D17E36A25}.Debug (DLL)|x64.ActiveCfg = Debug (DLL)|x64
		{0EA352FD-8F71-409D-A951-2E6D17E36A25}.Debug (DLL)|x64.Build.0 = Debug (DLL)|x64
		{0EA352FD-8F71-409D-A951-2E6D17E36A25}.Debug (DLL)|x86.ActiveCfg = Debug (DLL)|Win32
		{0EA352FD-8F71-409D-A951-2E6D17E36A25}.Debug (DLL)|x86.Build.0 = Debug (DLL)|Win32
		{0EA352FD-8F71-409D-A951-2E6D17E36A25}.Debug|x64.ActiveCfg = Debug|x64
		{0EA352FD-8F71-409D-A951-2E6D17E36A25}.Debug|x64.Build.0 = Debug|x64
		{0EA352FD-8F71-409D-A951-2E6D17E36A25}.Debug|x86.ActiveCfg = Debug|Win32
		{0EA352FD-8F71-409D-A951-2E6D17E36A25}.Debug|x86.Build.0 = Debug|Win32
		{0EA352FD-8F71-409D-A951-2E6D17E36A25}.Release (DLL)|x64.ActiveCfg = Release (DLL)|x64
		{0EA352FD-8F71-409D-A951-2E6D17E36A25}.Release (DLL)|x64.Build.0 = Release (DLL)|x64
		{0EA352FD-8F71-409D-A951-2E6D17E36A25}.Release (DLL)|x86.ActiveCfg = Release (DLL)|Win32
		{0EA352FD-8F71-409D-A951-2E6D17E36A25}.Release (DLL)|x86.Build.0 = Release (DLL)|Win32
		{0EA352FD-8F71-409D-A951-2E6D17E36A25}.Release|x64.ActiveCfg = Release|x64
		{0EA352FD-8F71-409D-A951-2E6D17E36A25}.Release|x64.Build.0 = Release|x64
		{0EA352FD-8F71-409D-A951-2E6D17E36A25}.Release|x86.ActiveCfg = Release|Win32
		{0EA352FD-8F71-409D-A951-2E6D17E36A25}.Release|x86.Build.0 = Release|Win32
		{2B0C4D21-8585-4887-B8DD-8B9FB6BA5F64}.Debug (DLL)|x64.ActiveCfg = Debug (DLL)|x64
		{2B0C4D21-8585-4887-B8DD-8B9FB6BA5F64}.Debug (DLL)|x64.Build.0 = Debug (DLL)|x64
		{2B0C4D21-8585-4887-B8DD-8B9FB6BA5F64}.Debug (DLL)|x86.ActiveCfg = Debug (DLL)|Win32
		{2B0C4D21-8585-4887-B8DD-8B9FB6BA5F64}.Debug (DLL)|x86.Build.0 = Debug (DLL)|Win32
		{2B0C4D21-8585-4887-B8DD-8B9FB6BA5F64}.Debug|x64.ActiveCfg = Debug|x64
		{2B0C4D21-8585-4887-B8DD-8B9FB6BA5F64}.Debug|x64.Build.0 = Debug|x64
		{2B0C4D21-8585-4887-B8DD-8B9FB6BA5F64}.Debug|x86.ActiveCfg = Debug|Win32
		{2B0C4D21-8585-4887-B8DD-8B9FB6BA5F64}.Debug|x86.Build.0 = Debug|Win32
		{2B0C4D21-8585-4887-B8DD-8B9FB6BA5F64}.Release (DLL)|x64.ActiveCfg = Release (DLL)|x64
		{2B0C4D21-8585-4887-B8DD-8B9FB6BA5F64}.Release (DLL)|x64.Build.0 = Release (DLL)|x64
		{2B0C4D21-8585-4887-B8DD-8B9FB6BA5F64}.Release (DLL)|x86.ActiveCfg = Release (DLL)|Win32
		{2B0C4D21-8585-4887-B8DD-8B9FB6BA5F64}.Release (DLL)|x86.Build.0 = Release (DLL)|Win32
		{2B0C4D21-8585-4887-B8DD-8B9FB6BA5F64}.Release|x64.ActiveCfg = Release|x64
		{2B0C4D21-8585-4887-B8DD-8B9FB6BA5F64}.Release|x64.Build.0 = Release|x64
		{2B0C4D21-8585-4887-B8DD-8B9FB6BA5F64}.Release|x86.ActiveCfg = Release|Win32
		{2B0C4D21-8585-4887-B8DD-8B9FB6BA5F64}.Release|x86.Build.0 = Release|Win32
		{8AB2603D-9EAF-44DA-ABA4-4A1DD7B7502E}.Debug (DLL)|x64.ActiveCfg = Debug (DLL)|x64
		{8AB2603D-9EAF-44DA-ABA4-4A1DD7B7502E}.Debug (DLL)|x64.Build.0 = Debug (DLL)|x64
		{8AB2603D-9EAF-44DA-ABA4-4A1DD7B7502E}.Debug (DLL)|x86.ActiveCfg = Debug (DLL)|Win32
		{8AB2603D-9EAF-44DA-ABA4-4A1DD7B7502E}.Debug (DLL)|x86.Build.0 = Debug (DLL)|Win32
		{8AB2603D-9EAF-44DA-ABA4-4A1DD7B7502E}.Debug|x64.ActiveCfg = Debug|x64
		{8AB2603D-9EAF-44DA-ABA4-4A1DD7B7502E}.Debug|x64.Build.0 = Debug|x64
		{8AB2603D-9EAF-44DA-ABA4-4A1DD7B7502E}.Debug|x86.ActiveCfg = Debug|Win32
		{8AB2603D-9EAF-44DA-ABA4-4A1DD7B7502E}.Debug|x86.Build.0 = Debug|Win32
		{8AB2603D-9EAF-44DA-ABA4-4A1DD7B7502E}.Release (DLL)|x64.ActiveCfg = Release (DLL)|x64
		{8AB2603D-9EAF-44DA-ABA4-4A1DD7B7502E}.Release (DLL)|x64.Build.0 = Release (DLL)|x64
		{8AB2603D-9EAF-44DA-ABA4-4A1DD7B7502E}.Release (DLL)|x86.ActiveCfg = Release (DLL)|Win32
		{8AB2603D-9EAF-44DA-ABA4-4A1DD7B7502E}.Release (DLL)|x86.Build.0 = Release (DLL)|Win32
		{8AB2603D-9EAF-44DA-ABA4-4A1DD7B7502E}.Release|x64.ActiveCfg = Release|x64
		{8AB2603D-9EAF-44DA-ABA4-4A1DD7B7502E}.Release|x64.Build.0 = Release|x64
		{8AB2603D-9EAF-44DA-ABA4-4A1DD7B7502E}.Release|x86.ActiveCfg = Release|Win32
		{8AB2603D-9EAF-44DA-ABA4-4A1DD7B7502E}.Release|x86.Build.0 = Release|Win32
		{2C73D730-22B5-4B3B-8ED1-47AB59ED03DA}.Debug (DLL)|x64.ActiveCfg = Debug (DLL)|x64
		{2C73D730-22B5-4B3B-8ED1-47AB59ED03DA}.Debug (DLL)|x64.Build.0 = Debug (DLL)|x64
		{2C73D730-22B5-4B3B-8ED1-47AB59ED03DA}.Debug (DLL)|x86.ActiveCfg = Debug (DLL)|Win32
		{2C73D730-22B5-4B3B-8ED1-47AB59ED03DA}.Debug (DLL)|x86.Build.0 = Debug (DLL)|Win32
		{2C73D730-22B5-4B3B-8ED1-47AB59ED03DA}.Debug|x64.ActiveCfg = Debug|x64
		{2C73D730-22B5-4B3B-8ED1-47AB59ED03DA}.Debug|x64.Build.0 = Debug|x64
		{2C73D730-22B5-4B3B-8ED1-47AB59ED03DA}.Debug|x86.ActiveCfg = Debug|Win32
		{2C73D730-22B5-4B3B-8ED1-47AB59ED03DA}.Debug|x86.Build.0 = Debug|Win32
		{2C73D730-22B5-4B3B-8ED1-47AB59ED03DA}.Release (DLL)|x64.ActiveCfg = Release (DLL)|x64
		{2C73D730-22B5-4B3B-8ED1-47AB59ED03DA}.Release (DLL)|x64.Build.0 = Release (DLL)|x64
		{2C73D730-22B5-4B3B-8ED1-47AB59ED03DA}.Release (DLL)|x86.ActiveCfg = Release (DLL)|Win32
		{2C73D730-22B5-4B3B-8ED1-47AB59ED03DA}.Release (DLL)|x86.Build.0 = Release (DLL)|Win32
		{2C73D730-22B5-4B3B-8ED1-47AB59ED03DA}.Release|x64.ActiveCfg = Release|x64
		{2C73D730-22B5-4B3B-8ED1-47AB59ED03DA}.Release|x64.Build.0 = Release|x64
		{2C73D730-22B5-4B3B-8ED1-47AB59ED03DA}.Release|x86.ActiveCfg = Release|Win32
		{2C73D730-22B5-4B3B-8ED1-47AB59ED03DA}.Release|x86.Build.0 = Release|Win32
		{01256FF0-AE8F-402E-A00F-C6D7DB05F93F}.Debug (DLL)|x64.ActiveCfg = Debug (DLL)|x64
		{01256FF0-AE8F-402E-A00F-C6D7DB05F93F}.Debug (DLL)|x64.Build.0 = Debug (DLL)|x64
		{01256FF0-AE8F-402E-A00F-C6D7DB05F93F}.Debug (DLL)|x86.ActiveCfg = Debug (DLL)|Win32
		{01256FF0-AE8F-402E-A00F-C6D7DB05F93F}.Debug (DLL)|x86.Build.0 = Debug (DLL)|Win32
		{01256FF0-AE8F-402E-A00F-C6D7DB05F93F}.Debug|x64.ActiveCfg = Debug|x64
		{01256FF0-AE8F-402E-A00F-C6D7DB05F93F}.Debug|x64.Build.0 = Debug|x64
		{01256FF0-AE8F-402E-A00F-C6D7DB05F93F}.Debug|x86.ActiveCfg = Debug|Win32
		{01256FF0-AE8F-402E-A00F-C6D7DB05F93F}.Debug|x86.Build.0 = Debug|Win32
		{01256FF0-AE8F-402E-A00F-C6D7DB05F93F}.Release (DLL)|x64.ActiveCfg = Release (DLL)|x64
		{01256FF0-AE8F-402E-A00F-C6D7DB05F93F}.Release (DLL)|x64.Build.0 = Release (DLL)|x64
		{01256FF0-AE8F-402E-A00F-C6D7DB05F93F}.Release (DLL)|x86.ActiveCfg = Release (DLL)|Win32
		{01256FF0-AE8F-402E-A00F-C6D7DB05F93F}.Release (DLL)|x86.Build.0 = Release (DLL)|Win32
		{01256FF0-AE8F-402E-A00F-C6D7DB05F93F}.Release|x64.ActiveCfg = Release|x64
		{01256FF0-AE8F-402E-A00F-C6D7DB05F93F}.Release|x64.Build.0 = Release|x64
		{01256FF0-AE8F-402E-A00F-C6D7DB05F93F}.Release|x86.ActiveCfg = Release|Win32
		{01256FF0-AE8F-402E-A00F-C6D7DB05F93F}.Release|x86.Build.0 = Release|Win32
		{8EF0362B-EAD7-4EBA-A073-C355272A4567}.Debug (DLL)|x64.ActiveCfg = Debug (DLL)|x64
		{8EF0362B-EAD7-4EBA-A073-C355272A4567}.Debug (DLL)|x64.Build.0 = Debug (DLL)|x64
		{8EF0362B-EAD7-4EBA-A073-C355272A4567}.Debug (DLL)|x86.ActiveCfg = Debug (DLL)|Win32
		{8EF0362B-EAD7-4EBA-A073-C355272A4567}.Debug (DLL)|x86.Build.0 = Debug (DLL)|Win32
		{8EF0362B-EAD7-4EBA-A073-C355272A4567}.Debug|x64.ActiveCfg = Debug|x64
		{8EF0362B-EAD7-4EBA-A073-C355272A4567}.Debug|x64.Build.0 = Debug|x64
		{8EF0362B-EAD7-4EBA-A073-C355272A4567}.Debug|x86.ActiveCfg = Debug|Win32
		{8EF0362B-EAD7-4EBA-A073-C355272A4567}.Debug|x86.Build.0 = Debug|Win32
		{8EF0362B-EAD7-4EBA-A073-C355272A4567}.Release (DLL)|x64.ActiveCfg = Release (DLL)|x64
		{8EF0362B-EAD7-4EBA-A073-C355272A4567}.Release (DLL)|x64.Build.0 = Release (DLL)|x64
		{8EF0362B-EAD7-4EBA-A073-C355272A4567}.Release (DLL)|x86.ActiveCfg = Release (DLL)|Win32
		{8EF0362B-EAD7-4EBA-A073-C355272A4567}.Release (DLL)|x86.Build.0 = Release (DLL)|Win32
		{8EF0362B-EAD7-4EBA-A073-C355272A4567}.Release|x64.ActiveCfg = Release|x64
		{8EF0362B-EAD7-4EBA-A073-C355272A4567}.Release|x64.Build.0 = Release|x64
		{8EF0362B-EAD7-4EBA-A073-C355272A4567}.Release|x86.ActiveCfg = Release|Win32
		{8EF0362B-EAD7-4EBA-A073-C355272A4567}.Release|x86.Build.0 = Release|Win32
		{083E9CF4-07BF-45C7-8A0E-7369E0DF2731}.Debug (DLL)|x64.ActiveCfg = Debug (DLL)|x64
		{083E9CF4-07BF-45C7-8A0E-7369E0DF2731}.Debug (DLL)|x64.Build.0 = Debug (DLL)|x64
		{083E9CF4-07BF-45C7-8A0E-7369E0DF2731}.Debug (DLL)|x86.ActiveCfg = Debug (DLL)|Win32
		{083E9CF4-07BF-45C7-8A0E-7369E0DF2731}.Debug (DLL)|x86.Build.0 = Debug (DLL)|Win32
		{083E9CF4-07BF-45C7-8A0E-7369E0DF2731}.Debug|x64.ActiveCfg = Debug|x64
		{083E9CF4-07BF-45C7-8A0E-7369E0DF2731}.Debug|x64.Build.0 = Debug|x64
		{083E9CF4-07BF-45C7-8A0E-7369E0DF2731}.Debug|x86.ActiveCfg = Debug|Win32
		{083E9CF4-07BF-45C7-8A0E-7369E0DF2731}.Debug|x86.Build.0 = Debug|Win32
		{083E9CF4-07BF-45C7-8A0E-7369E0DF2731}.Release (DLL)|x64.ActiveCfg = Release (DLL)|x64
		{083E9CF4-07BF-45C7-8A0E-7369E0DF2731}.Release (DLL)|x64.Build.0 = Release (DLL)|x64
		{083E9CF4-07BF-45C7-8A0E-7369E0DF2731}.Release (DLL)|x86.ActiveCfg = Release (DLL)|Win32
		{083E9CF4-07BF-45C7-8A0E-7369E0DF2731}.Release (DLL)|x86.Build.0 = Release (DLL)|Win32
		{083E9CF4-07BF-45C7-8A0E-7369E0DF2731}.Release|x64.ActiveCfg = Release|x64
		{083E9CF4-07BF-45C7-8A0E-7369E0DF2731}.Release|x64.Build.0 = Release|x64
		{083E9CF4-07BF-45C7-8A0E-7369E0DF2731}.Release|x86.ActiveCfg = Release|Win32
		{083E9CF4-07BF-45C7-8A0E-7369E0DF2731}.Release|x86.Build.0 = Release|Win32
		{1003B2FC-77B6-410D-B816-D7A19A1C7F3E}.Debug (DLL)|x64.ActiveCfg = Debug (DLL)|x64
		{1003B2FC-77B6-410D-B816-D7A19A1C7F3E}.Debug (DLL)|x64.Build.0 = Debug (DLL)|x64
		{1003B2FC-77B6-410D-B816-D7A19A1C7F3E}.Debug (DLL)|x86.ActiveCfg = Debug (DLL)|Win32
		{1003B2FC-77B6-410D-B816-D7A19A1C7F3E}.Debug (DLL)|x86.Build.0 = Debug (DLL)|Win32
		{1003B2FC-77B6-410D-B816-D7A19A1C7F3E}.Debug|x64.ActiveCfg = Debug|x64
		{1003B2FC-77B6-410D-B816-D7A19A1C7F3E}.Debug|x64.Build.0 = Debug|x64
		{1003B2FC-77B6-410D-B816-D7A19A1C7F3E}.Debug|x86.ActiveCfg = Debug|Win32
		{1003B2FC-77B6-410D-B816-D7A19A1C7F3E}.Debug|x86.Build.0 = Debug|Win32
		{1003B2FC-77B6-410D-B816-D7A19A1C7F3E}.Release (DLL)|x64.ActiveCfg = Release (DLL)|x64
		{1003B2FC-77B6-410D-B816-D7A19A1C7F3E}.Release (DLL)|x64.Build.0 = Release (DLL)|x64
		{1003B2FC-77B6-410D-B816-D7A19A1C7F3E}.Release (DLL)|x86.ActiveCfg = Release (DLL)|Win32
		{1003B2FC-77B6-410D-B816-D7A19A1C7F3E}.Release (DLL)|x86.Build.0 = Release (DLL)|Win32
		{1003B2FC-77B6-410D-B816-D7A19A1C7F3E}.Release|x64.ActiveCfg = Release|x64
		{1003B2FC-77B6-410D-B816-D7A19A1C7F3E}.Release|x64.Build.0 = Release|x64
		{1003B2FC-77B6-410D-B816-D7A19A1C7F3E}.Release|x86.ActiveCfg = Release|Win32
		{1003B2FC-77B6-410D-B816-D7A19A1C7F3E}.Release|x86.Build.0 = Release|Win32
		{A1C6761E-AD1B-4003-8A67-17D82877DDE9}.Debug (DLL)|x64.ActiveCfg = Debug (DLL)|x64
		{A1C6761E-AD1B-4003-8A67-17D82877DDE9}.Debug (DLL)|x64.Build.0 = Debug (DLL)|x64
		{A1C6761E-AD1B-4003-8A67-17D82877DDE9}.Debug (DLL)|x86.ActiveCfg = Debug (DLL)|Win32
		{A1C6761E-AD1B-4003-8A67-17D82877DDE9}.Debug (DLL)|x86.Build.0 = Debug (DLL)|Win32
		{A1C6761E-AD1B-4003-8A67-17D82877DDE9}.Debug|x64.ActiveCfg = Debug|x64
		{A1C6761E-AD1B-4003-8A67-17D82877DDE9}.Debug|x64.Build.0 = Debug|x64
		{A1C6761E-AD1B-4003-8A67-17D82877DDE9}.Debug|x86.ActiveCfg = Debug|Win32
		{A1C6761E-AD1B-4003-8A67-17D82877DDE9}.Debug|x86.Build.0 = Debug|Win32
		{A1C6761E-AD1B-4003-8A67-17D82877DDE9}.Release (DLL)|x64.ActiveCfg = Release (DLL)|x64
		{A1C6761E-AD1B-4003-8A67-17D82877DDE9}.Release (DLL)|x64.Build.0 = Release (DLL)|x64
		{A1C6761E-AD1B-4003-8A67-17D82877DDE9}.Release (DLL)|x86.ActiveCfg = Release (DLL)|Win32
		{A1C6761E-AD1B-4003-8A67-17D82877DDE9}.Release (DLL)|x86.Build.0 = Release (DLL)|Win32
		{A1C6761E-AD1B-4003-8A67-17D82877DDE9}.Release|x64.ActiveCfg = Release|x64
		{A1C6761E-AD1B-4003-8A67-17D82877DDE9}.Release|x64.Build.0 = Release|x64
		{A1C6761E-AD1B-4003-8A67-17D82877DDE9}.Release|x86.ActiveCfg = Release|Win32
		{A1C6761E-AD1B-4003-8A67-17D82877DDE9}.Release|x86.Build.0 = Release|Win32
		{3C86B358-0593-41A8-A339-AA15D72977C9}.Debug (DLL)|x64.ActiveCfg = Debug (DLL)|x64
		{3C86B358-0593-41A8-A339-AA15D72977C9}.Debug (DLL)|x64.Build.0 = Debug (DLL)|x64
		{3C86B358-0593-41A8-A339-AA15D72977C9}.Debug (DLL)|x86.ActiveCfg = Debug (DLL)|Win32
		{3C86B358-0593-41A8-A339-AA15D72977C9}.Debug (DLL)|x86.Build.0 = Debug (DLL)|Win32
		{3C86B358-0593-41A8-A339-AA15D72977C9}.Debug|x64.ActiveCfg = Debug|x64
		{3C86B358-0593-41A8-A339-AA15D72977C9}.Debug|x64.Build.0 = Debug|x64
		{3C86B358-0593-41A8-A339-AA15D72977C9}.Debug|x86.ActiveCfg = Debug|Win32
		{3C86B358-0593-41A8-A339-AA15D72977C9}.Debug|x86.Build.0 = Debug|Win32
		{3C86B358-0593-41A8-A339-AA15D72977C9}.Release (DLL)|x64.ActiveCfg = Release (DLL)|x64
		{3C86B358-0593-41A8-A339-AA15D72977C9}.Release (DLL)|x64.Build.0 = Release (DLL)|x64
		{3C86B358-0593-41A8-A339-AA15D72977C9}.Release (DLL)|x86.ActiveCfg = Release (DLL)|Win32
		{3C86B358-0593-41A8-A339-AA15D72977C9}.Release (DLL)|x86.Build.0 = Release (DLL)|Win32
		{3C86B358-0593-41A8-A339-AA15D72977C9}.Release|x64.ActiveCfg = Release|x64
		{3C86B358-0593-41A8-A339-AA15D72977C9}.Release|x64.Build.0 = Release|x64
		{3C86B358-0593-41A8-A339-AA15D72977C9}.Release|x86.ActiveCfg = Release|Win32
		{3C86B358-0593-41A8-A339-AA15D72977C9}.Release|x86.Build.0 = Release|Win32
		{3DA5EFC2-5358-46E6-A6B2-CBB8D24EEFC0}.Debug (DLL)|x64.ActiveCfg = Debug (DLL)|x64
		{3DA5EFC2-5358-46E6-A6B2-CBB8D24EEFC0}.Debug (DLL)|x64.Build.0 = Debug (DLL)|x64
		{3DA5EFC2-5358-46E6-A6B2-CBB8D24EEFC0}.Debug (DLL)|x86.ActiveCfg = Debug (DLL)|Win32
		{3DA5EFC2-5358-46E6-A6B2-CBB8D24EEFC0}.Debug (DLL)|x86.Build.0 = Debug (DLL)|Win32
		{3DA5EFC2-5358-46E6-A6B2-CBB8D24EEFC0}.Debug|x64.ActiveCfg = Debug|x64
		{3DA5EFC2-5358-46E6-A6B2-CBB8D24EEFC0}.Debug|x64.Build.0 = Debug|x64
		{3DA5EFC2-5358-46E6-A6B2-CBB8D24EEFC0}.Debug|x86.ActiveCfg = Debug|Win32
		{3DA5EFC2-5358-46E6-A6B2-CBB8D24EEFC0}.Debug|x86.Build.0 = Debug|Win32
		{3DA5EFC2-5358-46E6-A6B2-CBB8D24EEFC0}.Release (DLL)|x64.ActiveCfg = Release (DLL)|x64
		{3DA5EFC2-5358-46E6-A6B2-CBB8D24EEFC0}.Release (DLL)|x64.Build.0 = Release (DLL)|x64
		{3DA5EFC2-5358-46E6-A6B2-CBB8D24EEFC0}.Release (DLL)|x86.ActiveCfg = Release (DLL)|Win32
		{3DA5EFC2-5358-46E6-A6B2-CBB8D24EEFC0}.Release (DLL)|x86.Build.0 = Release (DLL)|Win32
		{3DA5EFC2-5358-46E6-A6B2-CBB8D24EEFC0}.Release|x64.ActiveCfg = Release|x64
		{3DA5EFC2-5358-46E6-A6B2-CBB8D24EEFC0}.Release|x64.Build.0 = Release|x64
		{3DA5EFC2-5358-46E6-A6B2-CBB8D24EEFC0}.Release|x86.ActiveCfg = Release|Win32
		{3DA5EFC2-5358-46E6-A6B2-CBB8D24EEFC0}.Release|x86.Build.0 = Release|Win32
		{954E1C5E-F767-4A6D-A0AA-77FE99EEC1AD}.Debug (DLL)|x64.ActiveCfg = Debug (DLL)|x64
		{954E1C5E-F767-4A6D-A0AA-77FE99EEC1AD}.Debug (DLL)|x64.Build.0 = Debug (DLL)|x64
		{954E1C5E-F767-4A6D-A0AA-77FE99EEC1AD}.Debug (DLL)|x86.ActiveCfg = Debug (DLL)|Win32
		{954E1C5E-F767-4A6D-A0AA-77FE99EEC1AD}.Debug (DLL)|x86.Build.0 = Debug (DLL)|Win32
		{954E1C5E-F767-4A6D-A0AA-77FE99EEC1AD}.Debug|x64.ActiveCfg = Debug|x64
		{954E1C5E-F767-4A6D-A0AA-77FE99EEC1AD}.Debug|x64.Build.0 = Debug|x64
		{954E1C5E-F767-4A6D-A0AA-77FE99EEC1AD}.Debug|x86.ActiveCfg = Debug|Win32
		{954E1C5E-F767-4A6D-A0AA-77FE99EEC1AD}.Debug|x86.Build.0 = Debug|Win32
		{954E1C5E-F767-4A6D-A0AA-77FE99EEC1AD}.Release (DLL)|x64.ActiveCfg = Release (DLL)|x64
		{954E1C5E-F767-4A6D-A0AA-77FE99EEC1AD}.Release (DLL)|x64.Build.0 = Release (DLL)|x64
		{954E1C5E-F767-4A6D-A0AA-77FE99EEC1AD}.Release (DLL)|x86.ActiveCfg = Release (DLL)|Win32
		{954E1C5E-F767-4A6D-A0AA-77FE99EEC1AD}.Release (DLL)|x86.Build.0 = Release (DLL)|Win32
		{954E1C5E-F767-4A6D-A0AA-77FE99EEC1AD}.Release|x64.ActiveCfg = Release|x64
		{954E1C5E-F767-4A6D-A0AA-77FE99EEC1AD}.Release|x64.Build.0 = Release|x64
		{954E1C5E-F767-4A6D-A0AA-77FE99EEC1AD}.Release|x86.ActiveCfg = Release|Win32
		{954E1C5E-F767-4A6D-A0AA-77FE99EEC1AD}.Release|x86.Build.0 = Release|Win32
		{9F9178CA-B959-45B4-BD8C-652294AEE314}.Debug (DLL)|x64.ActiveCfg = Debug (DLL)|x64
		{9F9178CA-B959-45B4-BD8C-652294AEE314}.Debug (DLL)|x64.Build.0 = Debug (DLL)|x64
		{9F9178CA-B959-45B4-BD8C-652294AEE314}.Debug (DLL)|x86.ActiveCfg = Debug (DLL)|Win32
		{9F9178CA-B959-45B4-BD8C-652294AEE314}.Debug (DLL)|x86.Build.0 = Debug (DLL)|Win32
		{9F9178CA-B959-45B4-BD8C-652294AEE314}.Debug|x64.ActiveCfg = Debug|x64
		{9F9178CA-B959-45B4-BD8C-652294AEE314}.Debug|x64.Build.0 = Debug|x64
		{9F9178CA-B959-45B4-BD8C-652294AEE314}.Debug|x86.ActiveCfg = Debug|Win32
		{9F9178CA-B959-45B4-BD8C-652294AEE314}.Debug|x86.Build.0 = Debug|Win32
		{9F9178CA-B959-45B4-BD8C-652294AEE314}.Release (DLL)|x64.ActiveCfg = Release (DLL)|x64
		{9F9178CA-B959-45B4-BD8C-652294AEE314}.Release (DLL)|x64.Build.0 = Release (DLL)|x64
		{9F9178CA-B959-45B4-BD8C-652294AEE314}.Release (DLL)|x86.ActiveCfg = Release (DLL)|Win32
		{9F9178CA-B959-45B4-BD8C-652294AEE314}.Release (DLL)|x86.Build.0 = Release (DLL)|Win32
		{9F9178CA-B959-45B4-BD8C-652294AEE314}.Release|x64.ActiveCfg = Release|x64
		{9F9178CA-B959-45B4-BD8C-652294AEE314}.Release|x64.Build.0 = Release|x64
		{9F9178CA-B959-45B4-BD8C-652294AEE314}.Release|x86.ActiveCfg = Release|Win32
		{9F9178CA-B959-45B4-BD8C-652294AEE314}.Release|x86.Build.0 = Release|Win32
		{D1D6C773-65CC-4FF8-82C4-3822C85DEEF7}.Debug (DLL)|x64.ActiveCfg = Debug (DLL)|x64
		{D1D6C773-65CC-4FF8-82C4-3822C85DEEF7}.Debug (DLL)|x64.Build.0 = Debug (DLL)|x64
		{D1D6C773-65CC-4FF8-82C4-3822C85DEEF7}.Debug (DLL)|x86.ActiveCfg = Debug (DLL)|Win32
		{D1D6C773-65CC-4FF8-82C4-3822C85DEEF7}.Debug (DLL)|x86.Build.0 = Debug (DLL)|Win32
		{D1D6C773-65CC-4FF8-82C4-3822C85DEEF7}.Debug|x64.ActiveCfg = Debug|x64
		{D1D6C773-65CC-4FF8-82C4-3822C85DEEF7}.Debug|x64.Build.0 = Debug|x64
		{D1D6C773-65CC-4FF8-82C4-3822C85DEEF7}.Debug|x86.ActiveCfg = Debug|Win32
		{D1D6C773-65CC-4FF8-82C4-3822C85DEEF7}.Debug|x86.Build.0 = Debug|Win32
		{D1D6C773-65CC-4FF8-82C4-3822C85DEEF7}.Release (DLL)|x64.ActiveCfg = Release (DLL)|x64
		{D1D6C773-65CC-4FF8-82C4-3822C85DEEF7}.Release (DLL)|x64.Build.0 = Release (DLL)|x64
		{D1D6C773-65CC-4FF8-82C4-3822C85DEEF7}.Release (DLL)|x86.ActiveCfg = Release (DLL)|Win32
		{D1D6C773-65CC-4FF8-82C4-3822C85DEEF7}.Release (DLL)|x86.Build.0 = Release (DLL)|Win32
		{D1D6C773-65CC-4FF8-82C4-3822C85DEEF7}.Release|x64.ActiveCfg = Release|x64
		{D1D6C773-65CC-4FF8-82C4-3822C85DEEF7}.Release|x64.Build.0 = Release|x64
		{D1D6C773-65CC-4FF8-82C4-3822C85DEEF7}.Release|x86.ActiveCfg = Release|Win32
		{D1D6C773-65CC-4FF8-82C4-3822C85DEEF7}.Release|x86.Build.0 = Release|Win32
		{534014EF-8ADD-4BC7-BECB-9E89CB5139AF}.Debug (DLL)|x64.ActiveCfg = Debug (DLL)|x64
		{534014EF-8ADD-4BC7-BECB-9E89CB5139AF}.Debug (DLL)|x64.Build.0 = Debug (DLL)|x64
		{534014EF-8ADD-4BC7-BECB-9E89CB5139AF}.Debug (DLL)|x86.ActiveCfg = Debug (DLL)|Win32
		{534014EF-8ADD-4BC7-BECB-9E89CB5139AF}.Debug (DLL)|x86.Build.0 = Debug (DLL)|Win32
		{534014EF-8ADD-4BC7-BECB-9E89CB5139AF}.Debug|x64.ActiveCfg = Debug|x64
		{534014EF-8ADD-4BC7-BECB-9E89CB5139AF}.Debug|x64.Build.0 = Debug|x64
		{534014EF-8ADD-4BC7-BECB-9E89CB5139AF}.Debug|x86.ActiveCfg = Debug|Win32
		{534014EF-8ADD-4BC7-BECB-9E89CB5139AF}.Debug|x86.Build.0 = Debug|Win32
		{534014EF-8ADD-4BC7-BECB-9E89CB5139AF}.Release (DLL)|x64.ActiveCfg = Release (DLL)|x64
		{534014EF-8ADD-4BC7-BECB-9E89CB5139AF}.Release (DLL)|x64.Build.0 = Release (DLL)|x64
		{534014EF-8ADD-4BC7-BECB-9E89CB5139AF}.Release (DLL)|x86.ActiveCfg = Release (DLL)|Win32
		{534014EF-8ADD-4BC7-BECB-9E89CB5139AF}.Release (DLL)|x86.Build.0 = Release (DLL)|Win32
		{534014EF-8ADD-4BC7-BECB-9E89CB5139AF}.Release|x64.ActiveCfg = Release|x64
		{534014EF-8ADD-4BC7-BECB-9E89CB5139AF}.Release|x64.Build.0 = Release|x64
		{534014EF-8ADD-4BC7-BECB-9E89CB5139AF}.Release|x86.ActiveCfg = Release|Win32
		{534014EF-8ADD-4BC7-BECB-9E89CB5139AF}.Release|x86.Build.0 = Release|Win32
		{609943F5-C6D3-4698-BB19-1D57720BC9F4}.Debug (DLL)|x64.ActiveCfg = Debug|x64
		{609943F5-C6D3-4698-BB19-1D57720BC9F4}.Debug (DLL)|x64.Build.0 = Debug|x64
		{609943F5-C6D3-4698-BB19-1D57720BC9F4}.Debug (DLL)|x86.ActiveCfg = Debug|Win32
		{609943F5-C6D3-4698-BB19-1D57720BC9F4}.Debug (DLL)|x86.Build.0 = Debug|Win32
		{609943F5-C6D3-4698-BB19-1D57720BC9F4}.Debug|x64.ActiveCfg = Debug|x64
		{609943F5-C6D3-4698-BB19-1D57720BC9F4}.Debug|x64.Build.0 = Debug|x64
		{609943F5-C6D3-4698-BB19-1D57720BC9F4}.Debug|x86.ActiveCfg = Debug|Win32
		{609943F5-C6D3-4698-BB19-1D57720BC9F4}.Debug|x86.Build.0 = Debug|Win32
		{609943F5-C6D3-4698-BB19-1D57720BC9F4}.Release (DLL)|x64.ActiveCfg = Release|x64
		{609943F5-C6D3-4698-BB19-1D57720BC9F4}.Release (DLL)|x64.Build.0 = Release|x64
		{609943F5-C6D3-4698-BB19-1D57720BC9F4}.Release (DLL)|x86.ActiveCfg = Release|Win32
		{609943F5-C6D3-4698-BB19-1D57720BC9F4}.Release (DLL)|x86.Build.0 = Release|Win32
		{609943F5-C6D3-4698-BB19-1D57720BC9F4}.Release|x64.ActiveCfg = Release|x64
		{609943F5-C6D3-4698-BB19-1D57720BC9F4}.Release|x64.Build.0 = Release|x64
		{609943F5-C6D3-4698-BB19-1D57720BC9F4}.Release|x86.ActiveCfg = Release|Win32
		{609943F5-C6D3-4698-BB19-1D57720BC9F4}.Release|x86.Build.0 = Release|Win32
		{A5A3BAE1-E952-4A78-8E0E-1E29E3B14C1D}.Debug (DLL)|x64.ActiveCfg = Debug|x64
		{A5A3BAE1-E952-4A78-8E0E-1E29E3B14C1D}.Debug (DLL)|x64.Build.0 = Debug|x64
		{A5A3BAE1-E952-4A78-8E0E-1E29E3B14C1D}.Debug (DLL)|x86.ActiveCfg = Debug|Win32
		{A5A3BAE1-E952-4A78-8E0E-1E29E3B14C1D}.Debug (DLL)|x86.Build.0 = Debug|Win32
		{A5A3BAE1-E952-4A78-8E0E-1E29E3B14C1D}.Debug|x64.ActiveCfg = Debug|x64
		{A5A3BAE1-E952-4A78-8E0E-1E29E3B14C1D}.Debug|x64.Build.0 = Debug|x64
		{A5A3BAE1-E952-4A78-8E0E-1E29E3B14C1D}.Debug|x86.ActiveCfg = Debug|Win32
		{A5A3BAE1-E952-4A78-8E0E-1E29E3B14C1D}.Debug|x86.Build.0 = Debug|Win32
		{A5A3BAE1-E952-4A78-8E0E-1E29E3B14C1D}.Release (DLL)|x64.ActiveCfg = Release|x64
		{A5A3BAE1-E952-4A78-8E0E-1E29E3B14C1D}.Release (DLL)|x64.Build.0 = Release|x64
		{A5A3BAE1-E952-4A78-8E0E-1E29E3B14C1D}.Release (DLL)|x86.ActiveCfg = Release|Win32
		{A5A3BAE1-E952-4A78-8E0E-1E29E3B14C1D}.Release (DLL)|x86.Build.0 = Release|Win32
		{A5A3BAE1-E952-4A78-8E0E-1E29E3B14C1D}.Release|x64.ActiveCfg = Release|x64
		{A5A3BAE1-E952-4A78-8E0E-1E29E3B14C1D}.Release|x64.Build.0 = Release|x64
		{A5A3BAE1-E952-4A78-8E0E-1E29E3B14C1D}.Release|x86.ActiveCfg = Release|Win32
		{A5A3BAE1-E952-4A78-8E0E-1E29E3B14C1D}.Release|x86.Build.0 = Release|Win32
		{B078185C-A1E3-4498-AB4F-8EE8101B13AE}.Debug (DLL)|x64.ActiveCfg = Release|x86
		{B078185C-A1E3-4498-AB4F-8EE8101B13AE}.Debug (DLL)|x64.Build.0 = Release|x86
		{B078185C-A1E3-4498-AB4F-8EE8101B13AE}.Debug (DLL)|x86.ActiveCfg = Debug|x86
		{B078185C-A1E3-4498-AB4F-8EE8101B13AE}.Debug (DLL)|x86.Build.0 = Debug|x86
		{B078185C-A1E3-4498-AB4F-8EE8101B13AE}.Debug|x64.ActiveCfg = Debug|x86
		{B078185C-A1E3-4498-AB4F-8EE8101B13AE}.Debug|x86.ActiveCfg = Debug|x86
		{B078185C-A1E3-4498-AB4F-8EE8101B13AE}.Debug|x86.Build.0 = Debug|x86
		{B078185C-A1E3-4498-AB4F-8EE8101B13AE}.Release (DLL)|x64.ActiveCfg = Release|x86
		{B078185C-A1E3-4498-AB4F-8EE8101B13AE}.Release (DLL)|x64.Build.0 = Release|x86
		{B078185C-A1E3-4498-AB4F-8EE8101B13AE}.Release (DLL)|x86.ActiveCfg = Release|x86
		{B078185C-A1E3-4498-AB4F-8EE8101B13AE}.Release (DLL)|x86.Build.0 = Release|x86
		{B078185C-A1E3-4498-AB4F-8EE8101B13AE}.Release|x64.ActiveCfg = Release|x86
		{B078185C-A1E3-4498-AB4F-8EE8101B13AE}.Release|x86.ActiveCfg = Release|x86
		{B078185C-A1E3-4498-AB4F-8EE8101B13AE}.Release|x86.Build.0 = Release|x86
		{77C14B2B-CDA7-4BC7-AF68-6FE420B82840}.Debug (DLL)|x64.ActiveCfg = Debug|x64
		{77C14B2B-CDA7-4BC7-AF68-6FE420B82840}.Debug (DLL)|x64.Build.0 = Debug|x64
		{77C14B2B-CDA7-4BC7-AF68-6FE420B82840}.Debug (DLL)|x86.ActiveCfg = Debug|Win32
		{77C14B2B-CDA7-4BC7-AF68-6FE420B82840}.Debug (DLL)|x86.Build.0 = Debug|Win32
		{77C14B2B-CDA7-4BC7-AF68-6FE420B82840}.Debug|x64.ActiveCfg = Debug|x64
		{77C14B2B-CDA7-4BC7-AF68-6FE420B82840}.Debug|x64.Build.0 = Debug|x64
		{77C14B2B-CDA7-4BC7-AF68-6FE420B82840}.Debug|x86.ActiveCfg = Debug|Win32
		{77C14B2B-CDA7-4BC7-AF68-6FE420B82840}.Debug|x86.Build.0 = Debug|Win32
		{77C14B2B-CDA7-4BC7-AF68-6FE420B82840}.Release (DLL)|x64.ActiveCfg = Release|x64
		{77C14B2B-CDA7-4BC7-AF68-6FE420B82840}.Release (DLL)|x64.Build.0 = Release|x64
		{77C14B2B-CDA7-4BC7-AF68-6FE420B82840}.Release (DLL)|x86.ActiveCfg = Release|Win32
		{77C14B2B-CDA7-4BC7-AF68-6FE420B82840}.Release (DLL)|x86.Build.0 = Release|Win32
		{77C14B2B-CDA7-4BC7-AF68-6FE420B82840}.Release|x64.ActiveCfg = Release|x64
		{77C14B2B-CDA7-4BC7-AF68-6FE420B82840}.Release|x64.Build.0 = Release|x64
		{77C14B2B-CDA7-4BC7-AF68-6FE420B82840}.Release|x86.ActiveCfg = Release|Win32
		{77C14B2B-CDA7-4BC7-AF68-6FE420B82840}.Release|x86.Build.0 = Release|Win32
		{ABCEBBFD-D619-4BFC-99CF-2DBF54E6F20E}.Debug (DLL)|x64.ActiveCfg = Release|Win32
		{ABCEBBFD-D619-4BFC-99CF-2DBF54E6F20E}.Debug (DLL)|x64.Build.0 = Release|Win32
		{ABCEBBFD-D619-4BFC-99CF-2DBF54E6F20E}.Debug (DLL)|x86.ActiveCfg = Debug|Win32
		{ABCEBBFD-D619-4BFC-99CF-2DBF54E6F20E}.Debug (DLL)|x86.Build.0 = Debug|Win32
		{ABCEBBFD-D619-4BFC-99CF-2DBF54E6F20E}.Debug|x64.ActiveCfg = Debug|Win32
		{ABCEBBFD-D619-4BFC-99CF-2DBF54E6F20E}.Debug|x86.ActiveCfg = Debug|Win32
		{ABCEBBFD-D619-4BFC-99CF-2DBF54E6F20E}.Debug|x86.Build.0 = Debug|Win32
		{ABCEBBFD-D619-4BFC-99CF-2DBF54E6F20E}.Release (DLL)|x64.ActiveCfg = Release|Win32
		{ABCEBBFD-D619-4BFC-99CF-2DBF54E6F20E}.Release (DLL)|x64.Build.0 = Release|Win32
		{ABCEBBFD-D619-4BFC-99CF-2DBF54E6F20E}.Release (DLL)|x86.ActiveCfg = Release|Win32
		{ABCEBBFD-D619-4BFC-99CF-2DBF54E6F20E}.Release (DLL)|x86.Build.0 = Release|Win32
		{ABCEBBFD-D619-4BFC-99CF-2DBF54E6F20E}.Release|x64.ActiveCfg = Release|Win32
		{ABCEBBFD-D619-4BFC-99CF-2DBF54E6F20E}.Release|x86.ActiveCfg = Release|Win32
		{ABCEBBFD-D619-4BFC-99CF-2DBF54E6F20E}.Release|x86.Build.0 = Release|Win32
		{F1D8D1B8-A274-46FC-9010-A53D410EBE07}.Debug (DLL)|x64.ActiveCfg = Debug|x64
		{F1D8D1B8-A274-46FC-9010-A53D410EBE07}.Debug (DLL)|x64.Build.0 = Debug|x64
		{F1D8D1B8-A274-46FC-9010-A53D410EBE07}.Debug (DLL)|x86.ActiveCfg = Debug|Win32
		{F1D8D1B8-A274-46FC-9010-A53D410EBE07}.Debug (DLL)|x86.Build.0 = Debug|Win32
		{F1D8D1B8-A274-46FC-9010-A53D410EBE07}.Debug|x64.ActiveCfg = Debug|x64
		{F1D8D1B8-A274-46FC-9010-A53D410EBE07}.Debug|x64.Build.0 = Debug|x64
		{F1D8D1B8-A274-46FC-9010-A53D410EBE07}.Debug|x86.ActiveCfg = Debug|Win32
		{F1D8D1B8-A274-46FC-9010-A53D410EBE07}.Debug|x86.Build.0 = Debug|Win32
		{F1D8D1B8-A274-46FC-9010-A53D410EBE07}.Release (DLL)|x64.ActiveCfg = Release|x64
		{F1D8D1B8-A274-46FC-9010-A53D410EBE07}.Release (DLL)|x64.Build.0 = Release|x64
		{F1D8D1B8-A274-46FC-9010-A53D410EBE07}.Release (DLL)|x86.ActiveCfg = Release|Win32
		{F1D8D1B8-A274-46FC-9010-A53D410EBE07}.Release (DLL)|x86.Build.0 = Release|Win32
		{F1D8D1B8-A274-46FC-9010-A53D410EBE07}.Release|x64.ActiveCfg = Release|x64
		{F1D8D1B8-A274-46FC-9010-A53D410EBE07}.Release|x64.Build.0 = Release|x64
		{F1D8D1B8-A274-46FC-9010-A53D410EBE07}.Release|x86.ActiveCfg = Release|Win32
		{F1D8D1B8-A274-46FC-9010-A53D410EBE07}.Release|x86.Build.0 = Release|Win32
		{11E5B40F-55FD-4C81-A8CF-C379623048F0}.Debug (DLL)|x64.ActiveCfg = Debug|x64
		{11E5B40F-55FD-4C81-A8CF-C379623048F0}.Debug (DLL)|x64.Build.0 = Debug|x64
		{11E5B40F-55FD-4C81-A8CF-C379623048F0}.Debug (DLL)|x86.ActiveCfg = Debug|Win32
		{11E5B40F-55FD-4C81-A8CF-C379623048F0}.Debug (DLL)|x86.Build.0 = Debug|Win32
		{11E5B40F-55FD-4C81-A8CF-C379623048F0}.Debug|x64.ActiveCfg = Debug|x64
		{11E5B40F-55FD-4C81-A8CF-C379623048F0}.Debug|x64.Build.0 = Debug|x64
		{11E5B40F-55FD-4C81-A8CF-C379623048F0}.Debug|x86.ActiveCfg = Debug|Win32
		{11E5B40F-55FD-4C81-A8CF-C379623048F0}.Debug|x86.Build.0 = Debug|Win32
		{11E5B40F-55FD-4C81-A8CF-C379623048F0}.Release (DLL)|x64.ActiveCfg = Release|x64
		{11E5B40F-55FD-4C81-A8CF-C379623048F0}.Release (DLL)|x64.Build.0 = Release|x64
		{11E5B40F-55FD-4C81-A8CF-C379623048F0}.Release (DLL)|x86.ActiveCfg = Release|Win32
		{11E5B40F-55FD-4C81-A8CF-C379623048F0}.Release (DLL)|x86.Build.0 = Release|Win32
		{11E5B40F-55FD-4C81-A8CF-C379623048F0}.Release|x64.ActiveCfg = Release|x64
		{11E5B40F-55FD-4C81-A8CF-C379623048F0}.Release|x64.Build.0 = Release|x64
		{11E5B40F-55FD-4C81-A8CF-C379623048F0}.Release|x86.ActiveCfg = Release|Win32
		{11E5B40F-55FD-4C81-A8CF-C379623048F0}.Release|x86.Build.0 = Release|Win32
		{381D8349-8369-4D1B-8DAC-317C3456F254}.Debug (DLL)|x64.ActiveCfg = Debug|x64
		{381D8349-8369-4D1B-8DAC-317C3456F254}.Debug (DLL)|x64.Build.0 = Debug|x64
		{381D8349-8369-4D1B-8DAC-317C3456F254}.Debug (DLL)|x86.ActiveCfg = Debug|Win32
		{381D8349-8369-4D1B-8DAC-317C3456F254}.Debug (DLL)|x86.Build.0 = Debug|Win32
		{381D8349-8369-4D1B-8DAC-317C3456F254}.Debug|x64.ActiveCfg = Debug|x64
		{381D8349-8369-4D1B-8DAC-317C3456F254}.Debug|x64.Build.0 = Debug|x64
		{381D8349-8369-4D1B-8DAC-317C3456F254}.Debug|x86.ActiveCfg = Debug|Win32
		{381D8349-8369-4D1B-8DAC-317C3456F254}.Debug|x86.Build.0 = Debug|Win32
		{381D8349-8369-4D1B-8DAC-317C3456F254}.Release (DLL)|x64.ActiveCfg = Release|x64
		{381D8349-8369-4D1B-8DAC-317C3456F254}.Release (DLL)|x64.Build.0 = Release|x64
		{381D8349-8369-4D1B-8DAC-317C3456F254}.Release (DLL)|x86.ActiveCfg = Release|Win32
		{381D8349-8369-4D1B-8DAC-317C3456F254}.Release (DLL)|x86.Build.0 = Release|Win32
		{381D8349-8369-4D1B-8DAC-317C3456F254}.Release|x64.ActiveCfg = Release|x64
		{381D8349-8369-4D1B-8DAC-317C3456F254}.Release|x64.Build.0 = Release|x64
		{381D8349-8369-4D1B-8DAC-317C3456F254}.Release|x86.ActiveCfg = Release|Win32
		{381D8349-8369-4D1B-8DAC-317C3456F254}.Release|x86.Build.0 = Release|Win32
		{B1B0F007-787E-48F6-BB1E-E925F5294E04}.Debug (DLL)|x64.ActiveCfg = Debug (DLL)|x64
		{B1B0F007-787E-48F6-BB1E-E925F5294E04}.Debug (DLL)|x64.Build.0 = Debug (DLL)|x64
		{B1B0F007-787E-48F6-BB1E-E925F5294E04}.Debug (DLL)|x86.ActiveCfg = Debug (DLL)|Win32
		{B1B0F007-787E-48F6-BB1E-E925F5294E04}.Debug (DLL)|x86.Build.0 = Debug (DLL)|Win32
		{B1B0F007-787E-48F6-BB1E-E925F5294E04}.Debug|x64.ActiveCfg = Debug|x64
		{B1B0F007-787E-48F6-BB1E-E925F5294E04}.Debug|x64.Build.0 = Debug|x64
		{B1B0F007-787E-48F6-BB1E-E925F5294E04}.Debug|x86.ActiveCfg = Debug|Win32
		{B1B0F007-787E-48F6-BB1E-E925F5294E04}.Debug|x86.Build.0 = Debug|Win32
		{B1B0F007-787E-48F6-BB1E-E925F5294E04}.Release (DLL)|x64.ActiveCfg = Release (DLL)|x64
		{B1B0F007-787E-48F6-BB1E-E925F5294E04}.Release (DLL)|x64.Build.0 = Release (DLL)|x64
		{B1B0F007-787E-48F6-BB1E-E925F5294E04}.Release (DLL)|x86.ActiveCfg = Release (DLL)|Win32
		{B1B0F007-787E-48F6-BB1E-E925F5294E04}.Release (DLL)|x86.Build.0 = Release (DLL)|Win32
		{B1B0F007-787E-48F6-BB1E-E925F5294E04}.Release|x64.ActiveCfg = Release|x64
		{B1B0F007-787E-48F6-BB1E-E925F5294E04}.Release|x64.Build.0 = Release|x64
		{B1B0F007-787E-48F6-BB1E-E925F5294E04}.Release|x86.ActiveCfg = Release|Win32
		{B1B0F007-787E-48F6-BB1E-E925F5294E04}.Release|x86.Build.0 = Release|Win32
	EndGlobalSection
	GlobalSection(SolutionProperties) = preSolution
		HideSolutionNode = FALSE
	EndGlobalSection
EndGlobal
