<?xml version="1.0" encoding="utf-8"?>
<Project ToolsVersion="4.0" xmlns="http://schemas.microsoft.com/developer/msbuild/2003">
  <ItemGroup>
    <Filter Include="Source Files">
      <UniqueIdentifier>{4FC737F1-C7A5-4376-A066-2A32D752A2FF}</UniqueIdentifier>
      <Extensions>cpp;c;cc;cxx;def;odl;idl;hpj;bat;asm;asmx</Extensions>
    </Filter>
    <Filter Include="Header Files">
      <UniqueIdentifier>{93995380-89BD-4b04-88EB-625FBE52EBFB}</UniqueIdentifier>
      <Extensions>h;hh;hpp;hxx;hm;inl;inc;xsd</Extensions>
    </Filter>
    <Filter Include="Resource Files">
      <UniqueIdentifier>{67DA6AB6-F800-4c08-8B7A-83BB121AAD01}</UniqueIdentifier>
      <Extensions>rc;ico;cur;bmp;dlg;rc2;rct;bin;rgs;gif;jpg;jpeg;jpe;resx;tiff;tif;png;wav;mfcribbon-ms</Extensions>
    </Filter>
    <Filter Include="lcmfParser">
      <UniqueIdentifier>{3c27f7d0-802a-4e2c-ad8f-46c44f777791}</UniqueIdentifier>
    </Filter>
  </ItemGroup>
  <ItemGroup>
    <ClCompile Include="Show.cpp">
      <Filter>Source Files</Filter>
    </ClCompile>
    <ClCompile Include="ReadFile.cpp">
      <Filter>Source Files</Filter>
    </ClCompile>
    <ClCompile Include="DXDraw.cpp">
      <Filter>Source Files</Filter>
    </ClCompile>
    <ClCompile Include="GameShow.cpp">
      <Filter>Source Files</Filter>
    </ClCompile>
    <ClCompile Include="lcmfParser.cpp">
      <Filter>lcmfParser</Filter>
    </ClCompile>
  </ItemGroup>
  <ItemGroup>
    <ClInclude Include="ReadFile.h">
      <Filter>Header Files</Filter>
    </ClInclude>
    <ClInclude Include="DXDraw.h">
      <Filter>Header Files</Filter>
    </ClInclude>
    <ClInclude Include="Show.h">
      <Filter>Header Files</Filter>
    </ClInclude>
    <ClInclude Include="lcmfParser.h">
      <Filter>lcmfParser</Filter>
    </ClInclude>
  </ItemGroup>
</Project>